// !$*UTF8*$!
{
	archiveVersion = 1;
	classes = {
	};
	objectVersion = 46;
	objects = {

/* Begin PBXBuildFile section */
		BE62E9FC1B81E6B40005948D /* main.m in Sources */ = {isa = PBXBuildFile; fileRef = BE62E9FB1B81E6B40005948D /* main.m */; };
		BE62E9FF1B81E6B40005948D /* AppDelegate.m in Sources */ = {isa = PBXBuildFile; fileRef = BE62E9FE1B81E6B40005948D /* AppDelegate.m */; };
		BE62EA021B81E6B40005948D /* AliasAK.xcdatamodeld in Sources */ = {isa = PBXBuildFile; fileRef = BE62EA001B81E6B40005948D /* AliasAK.xcdatamodeld */; };
		BE62EA051B81E6B40005948D /* ViewController.m in Sources */ = {isa = PBXBuildFile; fileRef = BE62EA041B81E6B40005948D /* ViewController.m */; };
		BE62EA081B81E6B40005948D /* Main.storyboard in Resources */ = {isa = PBXBuildFile; fileRef = BE62EA061B81E6B40005948D /* Main.storyboard */; };
		BE62EA0A1B81E6B40005948D /* Images.xcassets in Resources */ = {isa = PBXBuildFile; fileRef = BE62EA091B81E6B40005948D /* Images.xcassets */; };
		BE62EA0D1B81E6B40005948D /* LaunchScreen.xib in Resources */ = {isa = PBXBuildFile; fileRef = BE62EA0B1B81E6B40005948D /* LaunchScreen.xib */; };
		BE62EA191B81E6B50005948D /* AliasAKTests.m in Sources */ = {isa = PBXBuildFile; fileRef = BE62EA181B81E6B50005948D /* AliasAKTests.m */; };
/* End PBXBuildFile section */

/* Begin PBXContainerItemProxy section */
		BE62EA131B81E6B40005948D /* PBXContainerItemProxy */ = {
			isa = PBXContainerItemProxy;
			containerPortal = BE62E9EE1B81E6B40005948D /* Project object */;
			proxyType = 1;
			remoteGlobalIDString = BE62E9F51B81E6B40005948D;
			remoteInfo = AliasAK;
		};
/* End PBXContainerItemProxy section */

/* Begin PBXFileReference section */
		BE62E9F61B81E6B40005948D /* AliasAK.app */ = {isa = PBXFileReference; explicitFileType = wrapper.application; includeInIndex = 0; path = AliasAK.app; sourceTree = BUILT_PRODUCTS_DIR; };
		BE62E9FA1B81E6B40005948D /* Info.plist */ = {isa = PBXFileReference; lastKnownFileType = text.plist.xml; path = Info.plist; sourceTree = "<group>"; };
		BE62E9FB1B81E6B40005948D /* main.m */ = {isa = PBXFileReference; lastKnownFileType = sourcecode.c.objc; path = main.m; sourceTree = "<group>"; };
		BE62E9FD1B81E6B40005948D /* AppDelegate.h */ = {isa = PBXFileReference; lastKnownFileType = sourcecode.c.h; path = AppDelegate.h; sourceTree = "<group>"; };
		BE62E9FE1B81E6B40005948D /* AppDelegate.m */ = {isa = PBXFileReference; lastKnownFileType = sourcecode.c.objc; path = AppDelegate.m; sourceTree = "<group>"; };
		BE62EA011B81E6B40005948D /* AliasAK.xcdatamodel */ = {isa = PBXFileReference; lastKnownFileType = wrapper.xcdatamodel; path = AliasAK.xcdatamodel; sourceTree = "<group>"; };
		BE62EA031B81E6B40005948D /* ViewController.h */ = {isa = PBXFileReference; lastKnownFileType = sourcecode.c.h; path = ViewController.h; sourceTree = "<group>"; };
		BE62EA041B81E6B40005948D /* ViewController.m */ = {isa = PBXFileReference; lastKnownFileType = sourcecode.c.objc; path = ViewController.m; sourceTree = "<group>"; };
		BE62EA071B81E6B40005948D /* Base */ = {isa = PBXFileReference; lastKnownFileType = file.storyboard; name = Base; path = Base.lproj/Main.storyboard; sourceTree = "<group>"; };
		BE62EA091B81E6B40005948D /* Images.xcassets */ = {isa = PBXFileReference; lastKnownFileType = folder.assetcatalog; path = Images.xcassets; sourceTree = "<group>"; };
		BE62EA0C1B81E6B40005948D /* Base */ = {isa = PBXFileReference; lastKnownFileType = file.xib; name = Base; path = Base.lproj/LaunchScreen.xib; sourceTree = "<group>"; };
		BE62EA121B81E6B40005948D /* AliasAKTests.xctest */ = {isa = PBXFileReference; explicitFileType = wrapper.cfbundle; includeInIndex = 0; path = AliasAKTests.xctest; sourceTree = BUILT_PRODUCTS_DIR; };
		BE62EA171B81E6B50005948D /* Info.plist */ = {isa = PBXFileReference; lastKnownFileType = text.plist.xml; path = Info.plist; sourceTree = "<group>"; };
		BE62EA181B81E6B50005948D /* AliasAKTests.m */ = {isa = PBXFileReference; lastKnownFileType = sourcecode.c.objc; path = AliasAKTests.m; sourceTree = "<group>"; };
/* End PBXFileReference section */

/* Begin PBXFrameworksBuildPhase section */
		BE62E9F31B81E6B40005948D /* Frameworks */ = {
			isa = PBXFrameworksBuildPhase;
			buildActionMask = 2147483647;
			files = (
			);
			runOnlyForDeploymentPostprocessing = 0;
		};
		BE62EA0F1B81E6B40005948D /* Frameworks */ = {
			isa = PBXFrameworksBuildPhase;
			buildActionMask = 2147483647;
			files = (
			);
			runOnlyForDeploymentPostprocessing = 0;
		};
/* End PBXFrameworksBuildPhase section */

/* Begin PBXGroup section */
		BE62E9ED1B81E6B40005948D = {
			isa = PBXGroup;
			children = (
				BE62E9F81B81E6B40005948D /* AliasAK */,
				BE62EA151B81E6B40005948D /* AliasAKTests */,
				BE62E9F71B81E6B40005948D /* Products */,
			);
			sourceTree = "<group>";
		};
		BE62E9F71B81E6B40005948D /* Products */ = {
			isa = PBXGroup;
			children = (
				BE62E9F61B81E6B40005948D /* AliasAK.app */,
				BE62EA121B81E6B40005948D /* AliasAKTests.xctest */,
			);
			name = Products;
			sourceTree = "<group>";
		};
		BE62E9F81B81E6B40005948D /* AliasAK */ = {
			isa = PBXGroup;
			children = (
				BE62E9FD1B81E6B40005948D /* AppDelegate.h */,
				BE62E9FE1B81E6B40005948D /* AppDelegate.m */,
				BE62EA031B81E6B40005948D /* ViewController.h */,
				BE62EA041B81E6B40005948D /* ViewController.m */,
				BE62EA061B81E6B40005948D /* Main.storyboard */,
				BE62EA091B81E6B40005948D /* Images.xcassets */,
				BE62EA0B1B81E6B40005948D /* LaunchScreen.xib */,
				BE62EA001B81E6B40005948D /* AliasAK.xcdatamodeld */,
				BE62E9F91B81E6B40005948D /* Supporting Files */,
			);
			path = AliasAK;
			sourceTree = "<group>";
		};
		BE62E9F91B81E6B40005948D /* Supporting Files */ = {
			isa = PBXGroup;
			children = (
				BE62E9FA1B81E6B40005948D /* Info.plist */,
				BE62E9FB1B81E6B40005948D /* main.m */,
			);
			name = "Supporting Files";
			sourceTree = "<group>";
		};
		BE62EA151B81E6B40005948D /* AliasAKTests */ = {
			isa = PBXGroup;
			children = (
				BE62EA181B81E6B50005948D /* AliasAKTests.m */,
				BE62EA161B81E6B50005948D /* Supporting Files */,
			);
			path = AliasAKTests;
			sourceTree = "<group>";
		};
		BE62EA161B81E6B50005948D /* Supporting Files */ = {
			isa = PBXGroup;
			children = (
				BE62EA171B81E6B50005948D /* Info.plist */,
			);
			name = "Supporting Files";
			sourceTree = "<group>";
		};
/* End PBXGroup section */

/* Begin PBXNativeTarget section */
		BE62E9F51B81E6B40005948D /* AliasAK */ = {
			isa = PBXNativeTarget;
			buildConfigurationList = BE62EA1C1B81E6B50005948D /* Build configuration list for PBXNativeTarget "AliasAK" */;
			buildPhases = (
				BE62E9F21B81E6B40005948D /* Sources */,
				BE62E9F31B81E6B40005948D /* Frameworks */,
				BE62E9F41B81E6B40005948D /* Resources */,
			);
			buildRules = (
			);
			dependencies = (
			);
			name = AliasAK;
			productName = AliasAK;
			productReference = BE62E9F61B81E6B40005948D /* AliasAK.app */;
			productType = "com.apple.product-type.application";
		};
		BE62EA111B81E6B40005948D /* AliasAKTests */ = {
			isa = PBXNativeTarget;
			buildConfigurationList = BE62EA1F1B81E6B50005948D /* Build configuration list for PBXNativeTarget "AliasAKTests" */;
			buildPhases = (
				BE62EA0E1B81E6B40005948D /* Sources */,
				BE62EA0F1B81E6B40005948D /* Frameworks */,
				BE62EA101B81E6B40005948D /* Resources */,
			);
			buildRules = (
			);
			dependencies = (
				BE62EA141B81E6B40005948D /* PBXTargetDependency */,
			);
			name = AliasAKTests;
			productName = AliasAKTests;
			productReference = BE62EA121B81E6B40005948D /* AliasAKTests.xctest */;
			productType = "com.apple.product-type.bundle.unit-test";
		};
/* End PBXNativeTarget section */

/* Begin PBXProject section */
		BE62E9EE1B81E6B40005948D /* Project object */ = {
			isa = PBXProject;
			attributes = {
				LastUpgradeCheck = 0640;
				ORGANIZATIONNAME = mistmental;
				TargetAttributes = {
					BE62E9F51B81E6B40005948D = {
						CreatedOnToolsVersion = 6.4;
					};
					BE62EA111B81E6B40005948D = {
						CreatedOnToolsVersion = 6.4;
						TestTargetID = BE62E9F51B81E6B40005948D;
					};
				};
			};
			buildConfigurationList = BE62E9F11B81E6B40005948D /* Build configuration list for PBXProject "AliasAK" */;
			compatibilityVersion = "Xcode 3.2";
			developmentRegion = English;
			hasScannedForEncodings = 0;
			knownRegions = (
				en,
				Base,
			);
			mainGroup = BE62E9ED1B81E6B40005948D;
			productRefGroup = BE62E9F71B81E6B40005948D /* Products */;
			projectDirPath = "";
			projectRoot = "";
			targets = (
				BE62E9F51B81E6B40005948D /* AliasAK */,
				BE62EA111B81E6B40005948D /* AliasAKTests */,
			);
		};
/* End PBXProject section */

/* Begin PBXResourcesBuildPhase section */
		BE62E9F41B81E6B40005948D /* Resources */ = {
			isa = PBXResourcesBuildPhase;
			buildActionMask = 2147483647;
			files = (
				BE62EA081B81E6B40005948D /* Main.storyboard in Resources */,
				BE62EA0D1B81E6B40005948D /* LaunchScreen.xib in Resources */,
				BE62EA0A1B81E6B40005948D /* Images.xcassets in Resources */,
			);
			runOnlyForDeploymentPostprocessing = 0;
		};
		BE62EA101B81E6B40005948D /* Resources */ = {
			isa = PBXResourcesBuildPhase;
			buildActionMask = 2147483647;
			files = (
			);
			runOnlyForDeploymentPostprocessing = 0;
		};
/* End PBXResourcesBuildPhase section */

/* Begin PBXSourcesBuildPhase section */
		BE62E9F21B81E6B40005948D /* Sources */ = {
			isa = PBXSourcesBuildPhase;
			buildActionMask = 2147483647;
			files = (
				BE62EA021B81E6B40005948D /* AliasAK.xcdatamodeld in Sources */,
				BE62E9FF1B81E6B40005948D /* AppDelegate.m in Sources */,
				BE62EA051B81E6B40005948D /* ViewController.m in Sources */,
				BE62E9FC1B81E6B40005948D /* main.m in Sources */,
			);
			runOnlyForDeploymentPostprocessing = 0;
		};
		BE62EA0E1B81E6B40005948D /* Sources */ = {
			isa = PBXSourcesBuildPhase;
			buildActionMask = 2147483647;
			files = (
				BE62EA191B81E6B50005948D /* AliasAKTests.m in Sources */,
			);
			runOnlyForDeploymentPostprocessing = 0;
		};
/* End PBXSourcesBuildPhase section */

/* Begin PBXTargetDependency section */
		BE62EA141B81E6B40005948D /* PBXTargetDependency */ = {
			isa = PBXTargetDependency;
			target = BE62E9F51B81E6B40005948D /* AliasAK */;
			targetProxy = BE62EA131B81E6B40005948D /* PBXContainerItemProxy */;
		};
/* End PBXTargetDependency section */

/* Begin PBXVariantGroup section */
		BE62EA061B81E6B40005948D /* Main.storyboard */ = {
			isa = PBXVariantGroup;
			children = (
				BE62EA071B81E6B40005948D /* Base */,
			);
			name = Main.storyboard;
			sourceTree = "<group>";
		};
		BE62EA0B1B81E6B40005948D /* LaunchScreen.xib */ = {
			isa = PBXVariantGroup;
			children = (
				BE62EA0C1B81E6B40005948D /* Base */,
			);
			name = LaunchScreen.xib;
			sourceTree = "<group>";
		};
/* End PBXVariantGroup section */

/* Begin XCBuildConfiguration section */
		BE62EA1A1B81E6B50005948D /* Debug */ = {
			isa = XCBuildConfiguration;
			buildSettings = {
				ALWAYS_SEARCH_USER_PATHS = NO;
				CLANG_CXX_LANGUAGE_STANDARD = "gnu++0x";
				CLANG_CXX_LIBRARY = "libc++";
				CLANG_ENABLE_MODULES = YES;
				CLANG_ENABLE_OBJC_ARC = YES;
				CLANG_WARN_BOOL_CONVERSION = YES;
				CLANG_WARN_CONSTANT_CONVERSION = YES;
				CLANG_WARN_DIRECT_OBJC_ISA_USAGE = YES_ERROR;
				CLANG_WARN_EMPTY_BODY = YES;
				CLANG_WARN_ENUM_CONVERSION = YES;
				CLANG_WARN_INT_CONVERSION = YES;
				CLANG_WARN_OBJC_ROOT_CLASS = YES_ERROR;
				CLANG_WARN_UNREACHABLE_CODE = YES;
				CLANG_WARN__DUPLICATE_METHOD_MATCH = YES;
				"CODE_SIGN_IDENTITY[sdk=iphoneos*]" = "iPhone Developer";
				COPY_PHASE_STRIP = NO;
				DEBUG_INFORMATION_FORMAT = "dwarf-with-dsym";
				ENABLE_STRICT_OBJC_MSGSEND = YES;
				GCC_C_LANGUAGE_STANDARD = gnu99;
				GCC_DYNAMIC_NO_PIC = NO;
				GCC_NO_COMMON_BLOCKS = YES;
				GCC_OPTIMIZATION_LEVEL = 0;
				GCC_PREPROCESSOR_DEFINITIONS = (
					"DEBUG=1",
					"$(inherited)",
				);
				GCC_SYMBOLS_PRIVATE_EXTERN = NO;
				GCC_WARN_64_TO_32_BIT_CONVERSION = YES;
				GCC_WARN_ABOUT_RETURN_TYPE = YES_ERROR;
				GCC_WARN_UNDECLARED_SELECTOR = YES;
				GCC_WARN_UNINITIALIZED_AUTOS = YES_AGGRESSIVE;
				GCC_WARN_UNUSED_FUNCTION = YES;
				GCC_WARN_UNUSED_VARIABLE = YES;
				IPHONEOS_DEPLOYMENT_TARGET = 8.4;
				MTL_ENABLE_DEBUG_INFO = YES;
				ONLY_ACTIVE_ARCH = YES;
				SDKROOT = iphoneos;
				TARGETED_DEVICE_FAMILY = 2;
			};
			name = Debug;
		};
		BE62EA1B1B81E6B50005948D /* Release */ = {
			isa = XCBuildConfiguration;
			buildSettings = {
				ALWAYS_SEARCH_USER_PATHS = NO;
				CLANG_CXX_LANGUAGE_STANDARD = "gnu++0x";
				CLANG_CXX_LIBRARY = "libc++";
				CLANG_ENABLE_MODULES = YES;
				CLANG_ENABLE_OBJC_ARC = YES;
				CLANG_WARN_BOOL_CONVERSION = YES;
				CLANG_WARN_CONSTANT_CONVERSION = YES;
				CLANG_WARN_DIRECT_OBJC_ISA_USAGE = YES_ERROR;
				CLANG_WARN_EMPTY_BODY = YES;
				CLANG_WARN_ENUM_CONVERSION = YES;
				CLANG_WARN_INT_CONVERSION = YES;
				CLANG_WARN_OBJC_ROOT_CLASS = YES_ERROR;
				CLANG_WARN_UNREACHABLE_CODE = YES;
				CLANG_WARN__DUPLICATE_METHOD_MATCH = YES;
				"CODE_SIGN_IDENTITY[sdk=iphoneos*]" = "iPhone Developer";
				COPY_PHASE_STRIP = NO;
				DEBUG_INFORMATION_FORMAT = "dwarf-with-dsym";
				ENABLE_NS_ASSERTIONS = NO;
				ENABLE_STRICT_OBJC_MSGSEND = YES;
				GCC_C_LANGUAGE_STANDARD = gnu99;
				GCC_NO_COMMON_BLOCKS = YES;
				GCC_WARN_64_TO_32_BIT_CONVERSION = YES;
				GCC_WARN_ABOUT_RETURN_TYPE = YES_ERROR;
				GCC_WARN_UNDECLARED_SELECTOR = YES;
				GCC_WARN_UNINITIALIZED_AUTOS = YES_AGGRESSIVE;
				GCC_WARN_UNUSED_FUNCTION = YES;
				GCC_WARN_UNUSED_VARIABLE = YES;
				IPHONEOS_DEPLOYMENT_TARGET = 8.4;
				MTL_ENABLE_DEBUG_INFO = NO;
				SDKROOT = iphoneos;
				TARGETED_DEVICE_FAMILY = 2;
				VALIDATE_PRODUCT = YES;
			};
			name = Release;
		};
		BE62EA1D1B81E6B50005948D /* Debug */ = {
			isa = XCBuildConfiguration;
			buildSettings = {
				ASSETCATALOG_COMPILER_APPICON_NAME = AppIcon;
				INFOPLIST_FILE = AliasAK/Info.plist;
				LD_RUNPATH_SEARCH_PATHS = "$(inherited) @executable_path/Frameworks";
				PRODUCT_NAME = "$(TARGET_NAME)";
			};
			name = Debug;
		};
		BE62EA1E1B81E6B50005948D /* Release */ = {
			isa = XCBuildConfiguration;
			buildSettings = {
				ASSETCATALOG_COMPILER_APPICON_NAME = AppIcon;
				INFOPLIST_FILE = AliasAK/Info.plist;
				LD_RUNPATH_SEARCH_PATHS = "$(inherited) @executable_path/Frameworks";
				PRODUCT_NAME = "$(TARGET_NAME)";
			};
			name = Release;
		};
		BE62EA201B81E6B50005948D /* Debug */ = {
			isa = XCBuildConfiguration;
			buildSettings = {
				BUNDLE_LOADER = "$(TEST_HOST)";
				FRAMEWORK_SEARCH_PATHS = (
					"$(SDKROOT)/Developer/Library/Frameworks",
					"$(inherited)",
				);
				GCC_PREPROCESSOR_DEFINITIONS = (
					"DEBUG=1",
					"$(inherited)",
				);
				INFOPLIST_FILE = AliasAKTests/Info.plist;
				LD_RUNPATH_SEARCH_PATHS = "$(inherited) @executable_path/Frameworks @loader_path/Frameworks";
				PRODUCT_NAME = "$(TARGET_NAME)";
				TEST_HOST = "$(BUILT_PRODUCTS_DIR)/AliasAK.app/AliasAK";
			};
			name = Debug;
		};
		BE62EA211B81E6B50005948D /* Release */ = {
			isa = XCBuildConfiguration;
			buildSettings = {
				BUNDLE_LOADER = "$(TEST_HOST)";
				FRAMEWORK_SEARCH_PATHS = (
					"$(SDKROOT)/Developer/Library/Frameworks",
					"$(inherited)",
				);
				INFOPLIST_FILE = AliasAKTests/Info.plist;
				LD_RUNPATH_SEARCH_PATHS = "$(inherited) @executable_path/Frameworks @loader_path/Frameworks";
				PRODUCT_NAME = "$(TARGET_NAME)";
				TEST_HOST = "$(BUILT_PRODUCTS_DIR)/AliasAK.app/AliasAK";
			};
			name = Release;
		};
/* End XCBuildConfiguration section */

/* Begin XCConfigurationList section */
		BE62E9F11B81E6B40005948D /* Build configuration list for PBXProject "AliasAK" */ = {
			isa = XCConfigurationList;
			buildConfigurations = (
				BE62EA1A1B81E6B50005948D /* Debug */,
				BE62EA1B1B81E6B50005948D /* Release */,
			);
			defaultConfigurationIsVisible = 0;
			defaultConfigurationName = Release;
		};
		BE62EA1C1B81E6B50005948D /* Build configuration list for PBXNativeTarget "AliasAK" */ = {
			isa = XCConfigurationList;
			buildConfigurations = (
				BE62EA1D1B81E6B50005948D /* Debug */,
				BE62EA1E1B81E6B50005948D /* Release */,
			);
			defaultConfigurationIsVisible = 0;
		};
		BE62EA1F1B81E6B50005948D /* Build configuration list for PBXNativeTarget "AliasAKTests" */ = {
			isa = XCConfigurationList;
			buildConfigurations = (
				BE62EA201B81E6B50005948D /* Debug */,
				BE62EA211B81E6B50005948D /* Release */,
			);
			defaultConfigurationIsVisible = 0;
		};
/* End XCConfigurationList section */

/* Begin XCVersionGroup section */
		BE62EA001B81E6B40005948D /* AliasAK.xcdatamodeld */ = {
			isa = XCVersionGroup;
			children = (
				BE62EA011B81E6B40005948D /* AliasAK.xcdatamodel */,
			);
			currentVersion = BE62EA011B81E6B40005948D /* AliasAK.xcdatamodel */;
			path = AliasAK.xcdatamodeld;
			sourceTree = "<group>";
			versionGroupType = wrapper.xcdatamodel;
		};
/* End XCVersionGroup section */
	};
	rootObject = BE62E9EE1B81E6B40005948D /* Project object */;
}
